
Microsoft Visual Studio Solution File, Format Version 12.00
# Visual Studio Version 17
VisualStudioVersion = 17.8.34302.71
MinimumVisualStudioVersion = 10.0.40219.1
Project("{2150E333-8FDC-42A3-9474-1A3956D46DE8}") = "Core", "Core", "{6EBD3A42-4C6C-447F-AEDA-7FED3D7A3617}"
EndProject
Project("{2150E333-8FDC-42A3-9474-1A3956D46DE8}") = "Presentation", "Presentation", "{58EDA780-5DE7-46C9-B07D-12F4D2CD99D3}"
EndProject
Project("{2150E333-8FDC-42A3-9474-1A3956D46DE8}") = "Tests", "Tests", "{46DEDA24-6DA8-4208-B8A5-D4BE43B7EFC6}"
EndProject
Project("{9A19103F-16F7-4668-BE54-9A1E7A4F7556}") = "SFSAdv.Application.Tests", "Tests\SFSAdv.Application.Tests\SFSAdv.Application.Tests.csproj", "{0CF25CAB-B817-41FD-A07F-A6A11353DBB6}"
EndProject
Project("{9A19103F-16F7-4668-BE54-9A1E7A4F7556}") = "SFSAdv.Application", "src\SFSAdv.Application\SFSAdv.Application.csproj", "{C8FC0E31-A9DB-4BF1-A3E7-A9088949D3EF}"
EndProject
Project("{9A19103F-16F7-4668-BE54-9A1E7A4F7556}") = "SFSAdv.Domain", "src\SFSAdv.Domain\SFSAdv.Domain.csproj", "{F638942F-4DB3-48D9-AF43-4F1F935140A7}"
EndProject
Project("{9A19103F-16F7-4668-BE54-9A1E7A4F7556}") = "SFSAdv.Persistence", "src\SFSAdv.Persistence\SFSAdv.Persistence.csproj", "{F2F1E1D6-EF26-46AD-9814-36A1C5CB1A8D}"
EndProject
Project("{9A19103F-16F7-4668-BE54-9A1E7A4F7556}") = "SFSAdv.Api", "src\SnappFoodStoreAdv\SFSAdv.Api.csproj", "{1B85198E-892E-4719-8245-DA9295B6B462}"
EndProject
Global
	GlobalSection(SolutionConfigurationPlatforms) = preSolution
		Debug|Any CPU = Debug|Any CPU
		Release|Any CPU = Release|Any CPU
	EndGlobalSection
	GlobalSection(ProjectConfigurationPlatforms) = postSolution
		{0CF25CAB-B817-41FD-A07F-A6A11353DBB6}.Debug|Any CPU.ActiveCfg = Debug|Any CPU
		{0CF25CAB-B817-41FD-A07F-A6A11353DBB6}.Debug|Any CPU.Build.0 = Debug|Any CPU
		{0CF25CAB-B817-41FD-A07F-A6A11353DBB6}.Release|Any CPU.ActiveCfg = Release|Any CPU
		{0CF25CAB-B817-41FD-A07F-A6A11353DBB6}.Release|Any CPU.Build.0 = Release|Any CPU
		{C8FC0E31-A9DB-4BF1-A3E7-A9088949D3EF}.Debug|Any CPU.ActiveCfg = Debug|Any CPU
		{C8FC0E31-A9DB-4BF1-A3E7-A9088949D3EF}.Debug|Any CPU.Build.0 = Debug|Any CPU
		{C8FC0E31-A9DB-4BF1-A3E7-A9088949D3EF}.Release|Any CPU.ActiveCfg = Release|Any CPU
		{C8FC0E31-A9DB-4BF1-A3E7-A9088949D3EF}.Release|Any CPU.Build.0 = Release|Any CPU
		{F638942F-4DB3-48D9-AF43-4F1F935140A7}.Debug|Any CPU.ActiveCfg = Debug|Any CPU
		{F638942F-4DB3-48D9-AF43-4F1F935140A7}.Debug|Any CPU.Build.0 = Debug|Any CPU
		{F638942F-4DB3-48D9-AF43-4F1F935140A7}.Release|Any CPU.ActiveCfg = Release|Any CPU
		{F638942F-4DB3-48D9-AF43-4F1F935140A7}.Release|Any CPU.Build.0 = Release|Any CPU
		{F2F1E1D6-EF26-46AD-9814-36A1C5CB1A8D}.Debug|Any CPU.ActiveCfg = Debug|Any CPU
		{F2F1E1D6-EF26-46AD-9814-36A1C5CB1A8D}.Debug|Any CPU.Build.0 = Debug|Any CPU
		{F2F1E1D6-EF26-46AD-9814-36A1C5CB1A8D}.Release|Any CPU.ActiveCfg = Release|Any CPU
		{F2F1E1D6-EF26-46AD-9814-36A1C5CB1A8D}.Release|Any CPU.Build.0 = Release|Any CPU
		{1B85198E-892E-4719-8245-DA9295B6B462}.Debug|Any CPU.ActiveCfg = Debug|Any CPU
		{1B85198E-892E-4719-8245-DA9295B6B462}.Debug|Any CPU.Build.0 = Debug|Any CPU
		{1B85198E-892E-4719-8245-DA9295B6B462}.Release|Any CPU.ActiveCfg = Release|Any CPU
		{1B85198E-892E-4719-8245-DA9295B6B462}.Release|Any CPU.Build.0 = Release|Any CPU
	EndGlobalSection
	GlobalSection(SolutionProperties) = preSolution
		HideSolutionNode = FALSE
	EndGlobalSection
	GlobalSection(NestedProjects) = preSolution
		{0CF25CAB-B817-41FD-A07F-A6A11353DBB6} = {46DEDA24-6DA8-4208-B8A5-D4BE43B7EFC6}
		{C8FC0E31-A9DB-4BF1-A3E7-A9088949D3EF} = {6EBD3A42-4C6C-447F-AEDA-7FED3D7A3617}
		{F638942F-4DB3-48D9-AF43-4F1F935140A7} = {6EBD3A42-4C6C-447F-AEDA-7FED3D7A3617}
		{F2F1E1D6-EF26-46AD-9814-36A1C5CB1A8D} = {6EBD3A42-4C6C-447F-AEDA-7FED3D7A3617}
		{1B85198E-892E-4719-8245-DA9295B6B462} = {58EDA780-5DE7-46C9-B07D-12F4D2CD99D3}
	EndGlobalSection
	GlobalSection(ExtensibilityGlobals) = postSolution
		SolutionGuid = {09FC5EEC-252F-41AD-9834-08046E97D157}
	EndGlobalSection
EndGlobal
